{
  "name": "chrysalis-security",
  "version": "0.1.0",
  "lockfileVersion": 3,
  "requires": true,
  "packages": {
    "": {
      "name": "chrysalis-security",
      "version": "0.1.0",
      "dependencies": {
        "@agenticop-io/cwl": "^1.0.13"
      },
      "engines": {
        "node": ">=22"
      },
      "optionalDependencies": {
        "@chrysalis/cwl": "file:../chrysalis-cwl/packages/cwl"
      }
    },
    "../chrysalis-cwl/packages/cwl": {
      "name": "@chrysalis/cwl",
      "version": "1.0.13",
      "license": "Apache-2.0",
      "optional": true,
      "bin": {
        "cwl": "bin/cwl.js"
      },
      "engines": {
        "node": ">=22"
      }
    },
    "node_modules/@agenticop-io/cwl": {
      "version": "1.0.13",
      "resolved": "https://npm.pkg.github.com/download/@agenticop-io/cwl/1.0.13/2fa6562711b21665d29ebaaa5cb14c9bee2849d0",
      "integrity": "sha512-wDBatXLB27mOcNee0Ne/g/CT1a28gGzrJVZ5cyQMOS/RrNKZ4RoO9K5QIBATO3r2JK0x1i5qpZGQZ812q3rnxQ==",
      "license": "Apache-2.0",
      "bin": {
        "cwl": "bin/cwl.js"
      },
      "engines": {
        "node": ">=22"
      }
    },
    "node_modules/@chrysalis/cwl": {
      "resolved": "../chrysalis-cwl/packages/cwl",
      "link": true
    }
  }
}
