{
  "name": "chrysalis-security",
  "version": "0.1.0",
  "lockfileVersion": 3,
  "requires": true,
  "packages": {
    "": {
      "name": "chrysalis-security",
      "version": "0.1.0",
      "dependencies": {
        "@agenticop-io/cwl": "^1.0.17"
      },
      "engines": {
        "node": ">=22"
      },
      "optionalDependencies": {
        "@chrysalis/cwl": "file:../chrysalis-cwl/packages/cwl"
      }
    },
    "../chrysalis-cwl/packages/cwl": {
      "name": "@chrysalis/cwl",
      "version": "1.0.17",
      "license": "Apache-2.0",
      "optional": true,
      "bin": {
        "cwl": "bin/cwl.js"
      },
      "engines": {
        "node": ">=22"
      }
    },
    "node_modules/@agenticop-io/cwl": {
      "version": "1.0.17",
      "resolved": "https://npm.pkg.github.com/download/@agenticop-io/cwl/1.0.17/f09aef307d35000f6cb1cf2fd153db22751281d9",
      "integrity": "sha512-fVXre6okkIK8zkbtckLz0uT4GtXTJoLV2RjO78DDZ3qiYy9352NtNnCs0brkNTHJua8xgwpCo38OgDvEZA05aQ==",
      "license": "Apache-2.0",
      "bin": {
        "cwl": "bin/cwl.js"
      },
      "engines": {
        "node": ">=22"
      }
    },
    "node_modules/@chrysalis/cwl": {
      "resolved": "../chrysalis-cwl/packages/cwl",
      "link": true
    }
  }
}
