{
  "name": "chrysalis-security",
  "version": "0.1.0",
  "lockfileVersion": 3,
  "requires": true,
  "packages": {
    "": {
      "name": "chrysalis-security",
      "version": "0.1.0",
      "dependencies": {
        "@agenticop-io/cwl": "file:../chrysalis-cwl/packages/cwl"
      },
      "engines": {
        "node": ">=22"
      },
      "optionalDependencies": {
        "@chrysalis/cwl": "file:../chrysalis-cwl/packages/cwl"
      }
    },
    "../chrysalis-cwl/packages/cwl": {
      "name": "@chrysalis/cwl",
      "version": "1.0.20",
      "license": "Apache-2.0",
      "bin": {
        "cwl": "bin/cwl.js"
      },
      "engines": {
        "node": ">=22"
      }
    },
    "node_modules/@agenticop-io/cwl": {
      "resolved": "../chrysalis-cwl/packages/cwl",
      "link": true
    },
    "node_modules/@chrysalis/cwl": {
      "resolved": "../chrysalis-cwl/packages/cwl",
      "link": true
    }
  }
}
